
Microsoft Visual Studio Solution File, Format Version 12.00
# Visual Studio 15
VisualStudioVersion = 15.0.26124.0
MinimumVisualStudioVersion = 15.0.26124.0
Project("{9A19103F-16F7-4668-BE54-9A1E7A4F7556}") = "R5T.D0013.Construction", "R5T.D0013.Construction\R5T.D0013.Construction.csproj", "{B299E38C-9586-41DC-A39C-C0E260B3B23C}"
EndProject
Project("{9A19103F-16F7-4668-BE54-9A1E7A4F7556}") = "R5T.D0013.Base", "R5T.D0013.Base\R5T.D0013.Base.csproj", "{18B39614-13D8-4A6F-A7E1-A4B627DF984A}"
EndProject
Project("{FAE04EC0-301F-11D3-BF4B-00C04F79EFBC}") = "R5T.D0013.Default", "R5T.D0013.Default\R5T.D0013.Default.csproj", "{14536F43-7DD8-41FF-BA72-BD4986154B39}"
EndProject
Project("{2150E333-8FDC-42A3-9474-1A3956D46DE8}") = "_Dependencies", "_Dependencies", "{A454CE7B-BA40-45E3-A0E3-D6CDC49D180D}"
EndProject
Project("{9A19103F-16F7-4668-BE54-9A1E7A4F7556}") = "R5T.Dacia.Extensions", "..\..\R5T.Dacia.Extensions\source\R5T.Dacia.Extensions\R5T.Dacia.Extensions.csproj", "{3087EC30-51F3-4700-AA80-F582D13E83F0}"
EndProject
Project("{9A19103F-16F7-4668-BE54-9A1E7A4F7556}") = "R5T.Dacia", "..\..\R5T.Dacia\source\R5T.Dacia\R5T.Dacia.csproj", "{0EFE141B-5A67-4FE5-BE18-F5ECF04D2476}"
EndProject
Project("{9A19103F-16F7-4668-BE54-9A1E7A4F7556}") = "R5T.Magyar", "..\..\R5T.Magyar\source\R5T.Magyar\R5T.Magyar.csproj", "{D4CFDA24-7F30-4A32-A2AA-9F89718C8332}"
EndProject
Global
	GlobalSection(SolutionConfigurationPlatforms) = preSolution
		Debug|Any CPU = Debug|Any CPU
		Debug|x64 = Debug|x64
		Debug|x86 = Debug|x86
		Release|Any CPU = Release|Any CPU
		Release|x64 = Release|x64
		Release|x86 = Release|x86
	EndGlobalSection
	GlobalSection(ProjectConfigurationPlatforms) = postSolution
		{B299E38C-9586-41DC-A39C-C0E260B3B23C}.Debug|Any CPU.ActiveCfg = Debug|Any CPU
		{B299E38C-9586-41DC-A39C-C0E260B3B23C}.Debug|Any CPU.Build.0 = Debug|Any CPU
		{B299E38C-9586-41DC-A39C-C0E260B3B23C}.Debug|x64.ActiveCfg = Debug|Any CPU
		{B299E38C-9586-41DC-A39C-C0E260B3B23C}.Debug|x64.Build.0 = Debug|Any CPU
		{B299E38C-9586-41DC-A39C-C0E260B3B23C}.Debug|x86.ActiveCfg = Debug|Any CPU
		{B299E38C-9586-41DC-A39C-C0E260B3B23C}.Debug|x86.Build.0 = Debug|Any CPU
		{B299E38C-9586-41DC-A39C-C0E260B3B23C}.Release|Any CPU.ActiveCfg = Release|Any CPU
		{B299E38C-9586-41DC-A39C-C0E260B3B23C}.Release|Any CPU.Build.0 = Release|Any CPU
		{B299E38C-9586-41DC-A39C-C0E260B3B23C}.Release|x64.ActiveCfg = Release|Any CPU
		{B299E38C-9586-41DC-A39C-C0E260B3B23C}.Release|x64.Build.0 = Release|Any CPU
		{B299E38C-9586-41DC-A39C-C0E260B3B23C}.Release|x86.ActiveCfg = Release|Any CPU
		{B299E38C-9586-41DC-A39C-C0E260B3B23C}.Release|x86.Build.0 = Release|Any CPU
		{18B39614-13D8-4A6F-A7E1-A4B627DF984A}.Debug|Any CPU.ActiveCfg = Debug|Any CPU
		{18B39614-13D8-4A6F-A7E1-A4B627DF984A}.Debug|Any CPU.Build.0 = Debug|Any CPU
		{18B39614-13D8-4A6F-A7E1-A4B627DF984A}.Debug|x64.ActiveCfg = Debug|Any CPU
		{18B39614-13D8-4A6F-A7E1-A4B627DF984A}.Debug|x64.Build.0 = Debug|Any CPU
		{18B39614-13D8-4A6F-A7E1-A4B627DF984A}.Debug|x86.ActiveCfg = Debug|Any CPU
		{18B39614-13D8-4A6F-A7E1-A4B627DF984A}.Debug|x86.Build.0 = Debug|Any CPU
		{18B39614-13D8-4A6F-A7E1-A4B627DF984A}.Release|Any CPU.ActiveCfg = Release|Any CPU
		{18B39614-13D8-4A6F-A7E1-A4B627DF984A}.Release|Any CPU.Build.0 = Release|Any CPU
		{18B39614-13D8-4A6F-A7E1-A4B627DF984A}.Release|x64.ActiveCfg = Release|Any CPU
		{18B39614-13D8-4A6F-A7E1-A4B627DF984A}.Release|x64.Build.0 = Release|Any CPU
		{18B39614-13D8-4A6F-A7E1-A4B627DF984A}.Release|x86.ActiveCfg = Release|Any CPU
		{18B39614-13D8-4A6F-A7E1-A4B627DF984A}.Release|x86.Build.0 = Release|Any CPU
		{14536F43-7DD8-41FF-BA72-BD4986154B39}.Debug|Any CPU.ActiveCfg = Debug|Any CPU
		{14536F43-7DD8-41FF-BA72-BD4986154B39}.Debug|Any CPU.Build.0 = Debug|Any CPU
		{14536F43-7DD8-41FF-BA72-BD4986154B39}.Debug|x64.ActiveCfg = Debug|Any CPU
		{14536F43-7DD8-41FF-BA72-BD4986154B39}.Debug|x64.Build.0 = Debug|Any CPU
		{14536F43-7DD8-41FF-BA72-BD4986154B39}.Debug|x86.ActiveCfg = Debug|Any CPU
		{14536F43-7DD8-41FF-BA72-BD4986154B39}.Debug|x86.Build.0 = Debug|Any CPU
		{14536F43-7DD8-41FF-BA72-BD4986154B39}.Release|Any CPU.ActiveCfg = Release|Any CPU
		{14536F43-7DD8-41FF-BA72-BD4986154B39}.Release|Any CPU.Build.0 = Release|Any CPU
		{14536F43-7DD8-41FF-BA72-BD4986154B39}.Release|x64.ActiveCfg = Release|Any CPU
		{14536F43-7DD8-41FF-BA72-BD4986154B39}.Release|x64.Build.0 = Release|Any CPU
		{14536F43-7DD8-41FF-BA72-BD4986154B39}.Release|x86.ActiveCfg = Release|Any CPU
		{14536F43-7DD8-41FF-BA72-BD4986154B39}.Release|x86.Build.0 = Release|Any CPU
		{3087EC30-51F3-4700-AA80-F582D13E83F0}.Debug|Any CPU.ActiveCfg = Debug|Any CPU
		{3087EC30-51F3-4700-AA80-F582D13E83F0}.Debug|Any CPU.Build.0 = Debug|Any CPU
		{3087EC30-51F3-4700-AA80-F582D13E83F0}.Debug|x64.ActiveCfg = Debug|Any CPU
		{3087EC30-51F3-4700-AA80-F582D13E83F0}.Debug|x64.Build.0 = Debug|Any CPU
		{3087EC30-51F3-4700-AA80-F582D13E83F0}.Debug|x86.ActiveCfg = Debug|Any CPU
		{3087EC30-51F3-4700-AA80-F582D13E83F0}.Debug|x86.Build.0 = Debug|Any CPU
		{3087EC30-51F3-4700-AA80-F582D13E83F0}.Release|Any CPU.ActiveCfg = Release|Any CPU
		{3087EC30-51F3-4700-AA80-F582D13E83F0}.Release|Any CPU.Build.0 = Release|Any CPU
		{3087EC30-51F3-4700-AA80-F582D13E83F0}.Release|x64.ActiveCfg = Release|Any CPU
		{3087EC30-51F3-4700-AA80-F582D13E83F0}.Release|x64.Build.0 = Release|Any CPU
		{3087EC30-51F3-4700-AA80-F582D13E83F0}.Release|x86.ActiveCfg = Release|Any CPU
		{3087EC30-51F3-4700-AA80-F582D13E83F0}.Release|x86.Build.0 = Release|Any CPU
		{0EFE141B-5A67-4FE5-BE18-F5ECF04D2476}.Debug|Any CPU.ActiveCfg = Debug|Any CPU
		{0EFE141B-5A67-4FE5-BE18-F5ECF04D2476}.Debug|Any CPU.Build.0 = Debug|Any CPU
		{0EFE141B-5A67-4FE5-BE18-F5ECF04D2476}.Debug|x64.ActiveCfg = Debug|Any CPU
		{0EFE141B-5A67-4FE5-BE18-F5ECF04D2476}.Debug|x64.Build.0 = Debug|Any CPU
		{0EFE141B-5A67-4FE5-BE18-F5ECF04D2476}.Debug|x86.ActiveCfg = Debug|Any CPU
		{0EFE141B-5A67-4FE5-BE18-F5ECF04D2476}.Debug|x86.Build.0 = Debug|Any CPU
		{0EFE141B-5A67-4FE5-BE18-F5ECF04D2476}.Release|Any CPU.ActiveCfg = Release|Any CPU
		{0EFE141B-5A67-4FE5-BE18-F5ECF04D2476}.Release|Any CPU.Build.0 = Release|Any CPU
		{0EFE141B-5A67-4FE5-BE18-F5ECF04D2476}.Release|x64.ActiveCfg = Release|Any CPU
		{0EFE141B-5A67-4FE5-BE18-F5ECF04D2476}.Release|x64.Build.0 = Release|Any CPU
		{0EFE141B-5A67-4FE5-BE18-F5ECF04D2476}.Release|x86.ActiveCfg = Release|Any CPU
		{0EFE141B-5A67-4FE5-BE18-F5ECF04D2476}.Release|x86.Build.0 = Release|Any CPU
		{D4CFDA24-7F30-4A32-A2AA-9F89718C8332}.Debug|Any CPU.ActiveCfg = Debug|Any CPU
		{D4CFDA24-7F30-4A32-A2AA-9F89718C8332}.Debug|Any CPU.Build.0 = Debug|Any CPU
		{D4CFDA24-7F30-4A32-A2AA-9F89718C8332}.Debug|x64.ActiveCfg = Debug|Any CPU
		{D4CFDA24-7F30-4A32-A2AA-9F89718C8332}.Debug|x64.Build.0 = Debug|Any CPU
		{D4CFDA24-7F30-4A32-A2AA-9F89718C8332}.Debug|x86.ActiveCfg = Debug|Any CPU
		{D4CFDA24-7F30-4A32-A2AA-9F89718C8332}.Debug|x86.Build.0 = Debug|Any CPU
		{D4CFDA24-7F30-4A32-A2AA-9F89718C8332}.Release|Any CPU.ActiveCfg = Release|Any CPU
		{D4CFDA24-7F30-4A32-A2AA-9F89718C8332}.Release|Any CPU.Build.0 = Release|Any CPU
		{D4CFDA24-7F30-4A32-A2AA-9F89718C8332}.Release|x64.ActiveCfg = Release|Any CPU
		{D4CFDA24-7F30-4A32-A2AA-9F89718C8332}.Release|x64.Build.0 = Release|Any CPU
		{D4CFDA24-7F30-4A32-A2AA-9F89718C8332}.Release|x86.ActiveCfg = Release|Any CPU
		{D4CFDA24-7F30-4A32-A2AA-9F89718C8332}.Release|x86.Build.0 = Release|Any CPU
	EndGlobalSection
	GlobalSection(SolutionProperties) = preSolution
		HideSolutionNode = FALSE
	EndGlobalSection
	GlobalSection(NestedProjects) = preSolution
		{3087EC30-51F3-4700-AA80-F582D13E83F0} = {A454CE7B-BA40-45E3-A0E3-D6CDC49D180D}
		{0EFE141B-5A67-4FE5-BE18-F5ECF04D2476} = {A454CE7B-BA40-45E3-A0E3-D6CDC49D180D}
		{D4CFDA24-7F30-4A32-A2AA-9F89718C8332} = {A454CE7B-BA40-45E3-A0E3-D6CDC49D180D}
	EndGlobalSection
	GlobalSection(ExtensibilityGlobals) = postSolution
		SolutionGuid = {150528A3-6018-410A-A69B-87F6F0AF858C}
	EndGlobalSection
EndGlobal
